
Microsoft Visual Studio Solution File, Format Version 12.00
# Visual Studio Version 16
VisualStudioVersion = 16.0.29926.136
MinimumVisualStudioVersion = 10.0.40219.1
Project("{FAE04EC0-301F-11D3-BF4B-00C04F79EFBC}") = "SpaceInvaders", "SpaceInvaders.csproj", "{20EB54A3-AE58-4501-8B32-640A42EA613E}"
EndProject
Project("{9A19103F-16F7-4668-BE54-9A1E7A4F7556}") = "SpaceInvaderTest", "SpaceInvaderTest\SpaceInvaderTest.csproj", "{FB420AA3-4F1A-4958-B474-1F034D009539}"
EndProject
Global
	GlobalSection(SolutionConfigurationPlatforms) = preSolution
		Debug|Any CPU = Debug|Any CPU
		Release|Any CPU = Release|Any CPU
	EndGlobalSection
	GlobalSection(ProjectConfigurationPlatforms) = postSolution
		{20EB54A3-AE58-4501-8B32-640A42EA613E}.Debug|Any CPU.ActiveCfg = Debug|Any CPU
		{20EB54A3-AE58-4501-8B32-640A42EA613E}.Debug|Any CPU.Build.0 = Debug|Any CPU
		{20EB54A3-AE58-4501-8B32-640A42EA613E}.Release|Any CPU.ActiveCfg = Release|Any CPU
		{20EB54A3-AE58-4501-8B32-640A42EA613E}.Release|Any CPU.Build.0 = Release|Any CPU
		{FB420AA3-4F1A-4958-B474-1F034D009539}.Debug|Any CPU.ActiveCfg = Debug|Any CPU
		{FB420AA3-4F1A-4958-B474-1F034D009539}.Release|Any CPU.ActiveCfg = Release|Any CPU
		{FB420AA3-4F1A-4958-B474-1F034D009539}.Release|Any CPU.Build.0 = Release|Any CPU
	EndGlobalSection
	GlobalSection(SolutionProperties) = preSolution
		HideSolutionNode = FALSE
	EndGlobalSection
	GlobalSection(ExtensibilityGlobals) = postSolution
		SolutionGuid = {85CC921B-E5A0-4FD0-9947-2D952B3FE490}
	EndGlobalSection
EndGlobal
